
Microsoft Visual Studio Solution File, Format Version 12.00
# Visual Studio Version 17
VisualStudioVersion = 17.10.35027.167
MinimumVisualStudioVersion = 10.0.40219.1
Project("{2150E333-8FDC-42A3-9474-1A3956D46DE8}") = "Services", "Services", "{547B4D7D-5C17-400C-8F84-35A71667DE92}"
EndProject
Project("{2150E333-8FDC-42A3-9474-1A3956D46DE8}") = "Catalog", "Catalog", "{F5D931EA-AE76-495B-BBE3-3CF14A2287D5}"
EndProject
Project("{9A19103F-16F7-4668-BE54-9A1E7A4F7556}") = "Catalog.Api", "Services\Catalog\Catalog.Api\Catalog.Api.csproj", "{8A5B74C0-97F3-44FB-8BD5-E987E0CCD706}"
EndProject
Project("{2150E333-8FDC-42A3-9474-1A3956D46DE8}") = "BuildingBlocks", "BuildingBlocks", "{D9AD515F-2351-4C58-97B2-89D22F61517B}"
EndProject
Project("{9A19103F-16F7-4668-BE54-9A1E7A4F7556}") = "BuildingBlocks", "BuildingBlocks\BuildingBlocks\BuildingBlocks.csproj", "{A45771E0-D7C7-488F-B7CB-540C73096401}"
EndProject
Project("{E53339B2-1760-4266-BCC7-CA923CBCF16C}") = "docker-compose", "docker-compose.dcproj", "{6C7FCC46-581B-4413-825A-D6A18D20913E}"
EndProject
Project("{2150E333-8FDC-42A3-9474-1A3956D46DE8}") = "Basket", "Basket", "{2A966BAA-1973-4892-8C40-E84FA4969A2B}"
EndProject
Project("{9A19103F-16F7-4668-BE54-9A1E7A4F7556}") = "Basket.Api", "Services\Basket\Basket.Api\Basket.Api.csproj", "{481B91DB-DA31-40AD-90FE-DEC96B3D0435}"
EndProject
Project("{2150E333-8FDC-42A3-9474-1A3956D46DE8}") = "Discount", "Discount", "{9F587DD4-04D1-4156-9A4A-29F0F665074C}"
EndProject
Project("{9A19103F-16F7-4668-BE54-9A1E7A4F7556}") = "Discount.Grpc", "Services\Discount\Discount.Grpc\Discount.Grpc.csproj", "{3EB1C419-C3B4-42F0-B528-C5053C25EAB8}"
EndProject
Project("{2150E333-8FDC-42A3-9474-1A3956D46DE8}") = "Ordering", "Ordering", "{78E65B74-F51C-42D0-A6D3-B13E7EC93549}"
EndProject
Project("{9A19103F-16F7-4668-BE54-9A1E7A4F7556}") = "Ordering.Api", "Services\Ordering\Ordering.Api\Ordering.Api.csproj", "{9EFF90DE-D3F2-4A39-86FE-A20FB6452B04}"
EndProject
Project("{FAE04EC0-301F-11D3-BF4B-00C04F79EFBC}") = "Ordering.Domain", "Services\Ordering\Ordering.Domain\Ordering.Domain.csproj", "{C4A82647-8A4C-4708-B520-DBC84C6296A1}"
EndProject
Project("{FAE04EC0-301F-11D3-BF4B-00C04F79EFBC}") = "Ordering.Application", "Services\Ordering\Ordering.Application\Ordering.Application.csproj", "{BE2D5499-1F7C-460A-886A-CA73E37E3E53}"
EndProject
Project("{FAE04EC0-301F-11D3-BF4B-00C04F79EFBC}") = "Ordering.Infrastructure", "Services\Ordering\Ordering.Infratructure\Ordering.Infrastructure.csproj", "{68C0CF76-D41E-4B03-93AB-DBFE0E50CC55}"
EndProject
Global
	GlobalSection(SolutionConfigurationPlatforms) = preSolution
		Debug|Any CPU = Debug|Any CPU
		Release|Any CPU = Release|Any CPU
	EndGlobalSection
	GlobalSection(ProjectConfigurationPlatforms) = postSolution
		{8A5B74C0-97F3-44FB-8BD5-E987E0CCD706}.Debug|Any CPU.ActiveCfg = Debug|Any CPU
		{8A5B74C0-97F3-44FB-8BD5-E987E0CCD706}.Debug|Any CPU.Build.0 = Debug|Any CPU
		{8A5B74C0-97F3-44FB-8BD5-E987E0CCD706}.Release|Any CPU.ActiveCfg = Release|Any CPU
		{8A5B74C0-97F3-44FB-8BD5-E987E0CCD706}.Release|Any CPU.Build.0 = Release|Any CPU
		{A45771E0-D7C7-488F-B7CB-540C73096401}.Debug|Any CPU.ActiveCfg = Debug|Any CPU
		{A45771E0-D7C7-488F-B7CB-540C73096401}.Debug|Any CPU.Build.0 = Debug|Any CPU
		{A45771E0-D7C7-488F-B7CB-540C73096401}.Release|Any CPU.ActiveCfg = Release|Any CPU
		{A45771E0-D7C7-488F-B7CB-540C73096401}.Release|Any CPU.Build.0 = Release|Any CPU
		{6C7FCC46-581B-4413-825A-D6A18D20913E}.Debug|Any CPU.ActiveCfg = Debug|Any CPU
		{6C7FCC46-581B-4413-825A-D6A18D20913E}.Debug|Any CPU.Build.0 = Debug|Any CPU
		{6C7FCC46-581B-4413-825A-D6A18D20913E}.Release|Any CPU.ActiveCfg = Release|Any CPU
		{6C7FCC46-581B-4413-825A-D6A18D20913E}.Release|Any CPU.Build.0 = Release|Any CPU
		{481B91DB-DA31-40AD-90FE-DEC96B3D0435}.Debug|Any CPU.ActiveCfg = Debug|Any CPU
		{481B91DB-DA31-40AD-90FE-DEC96B3D0435}.Debug|Any CPU.Build.0 = Debug|Any CPU
		{481B91DB-DA31-40AD-90FE-DEC96B3D0435}.Release|Any CPU.ActiveCfg = Release|Any CPU
		{481B91DB-DA31-40AD-90FE-DEC96B3D0435}.Release|Any CPU.Build.0 = Release|Any CPU
		{3EB1C419-C3B4-42F0-B528-C5053C25EAB8}.Debug|Any CPU.ActiveCfg = Debug|Any CPU
		{3EB1C419-C3B4-42F0-B528-C5053C25EAB8}.Debug|Any CPU.Build.0 = Debug|Any CPU
		{3EB1C419-C3B4-42F0-B528-C5053C25EAB8}.Release|Any CPU.ActiveCfg = Release|Any CPU
		{3EB1C419-C3B4-42F0-B528-C5053C25EAB8}.Release|Any CPU.Build.0 = Release|Any CPU
		{9EFF90DE-D3F2-4A39-86FE-A20FB6452B04}.Debug|Any CPU.ActiveCfg = Debug|Any CPU
		{9EFF90DE-D3F2-4A39-86FE-A20FB6452B04}.Debug|Any CPU.Build.0 = Debug|Any CPU
		{9EFF90DE-D3F2-4A39-86FE-A20FB6452B04}.Release|Any CPU.ActiveCfg = Release|Any CPU
		{9EFF90DE-D3F2-4A39-86FE-A20FB6452B04}.Release|Any CPU.Build.0 = Release|Any CPU
		{C4A82647-8A4C-4708-B520-DBC84C6296A1}.Debug|Any CPU.ActiveCfg = Debug|Any CPU
		{C4A82647-8A4C-4708-B520-DBC84C6296A1}.Debug|Any CPU.Build.0 = Debug|Any CPU
		{C4A82647-8A4C-4708-B520-DBC84C6296A1}.Release|Any CPU.ActiveCfg = Release|Any CPU
		{C4A82647-8A4C-4708-B520-DBC84C6296A1}.Release|Any CPU.Build.0 = Release|Any CPU
		{BE2D5499-1F7C-460A-886A-CA73E37E3E53}.Debug|Any CPU.ActiveCfg = Debug|Any CPU
		{BE2D5499-1F7C-460A-886A-CA73E37E3E53}.Debug|Any CPU.Build.0 = Debug|Any CPU
		{BE2D5499-1F7C-460A-886A-CA73E37E3E53}.Release|Any CPU.ActiveCfg = Release|Any CPU
		{BE2D5499-1F7C-460A-886A-CA73E37E3E53}.Release|Any CPU.Build.0 = Release|Any CPU
		{68C0CF76-D41E-4B03-93AB-DBFE0E50CC55}.Debug|Any CPU.ActiveCfg = Debug|Any CPU
		{68C0CF76-D41E-4B03-93AB-DBFE0E50CC55}.Debug|Any CPU.Build.0 = Debug|Any CPU
		{68C0CF76-D41E-4B03-93AB-DBFE0E50CC55}.Release|Any CPU.ActiveCfg = Release|Any CPU
		{68C0CF76-D41E-4B03-93AB-DBFE0E50CC55}.Release|Any CPU.Build.0 = Release|Any CPU
	EndGlobalSection
	GlobalSection(SolutionProperties) = preSolution
		HideSolutionNode = FALSE
	EndGlobalSection
	GlobalSection(NestedProjects) = preSolution
		{F5D931EA-AE76-495B-BBE3-3CF14A2287D5} = {547B4D7D-5C17-400C-8F84-35A71667DE92}
		{8A5B74C0-97F3-44FB-8BD5-E987E0CCD706} = {F5D931EA-AE76-495B-BBE3-3CF14A2287D5}
		{A45771E0-D7C7-488F-B7CB-540C73096401} = {D9AD515F-2351-4C58-97B2-89D22F61517B}
		{2A966BAA-1973-4892-8C40-E84FA4969A2B} = {547B4D7D-5C17-400C-8F84-35A71667DE92}
		{481B91DB-DA31-40AD-90FE-DEC96B3D0435} = {2A966BAA-1973-4892-8C40-E84FA4969A2B}
		{9F587DD4-04D1-4156-9A4A-29F0F665074C} = {547B4D7D-5C17-400C-8F84-35A71667DE92}
		{3EB1C419-C3B4-42F0-B528-C5053C25EAB8} = {9F587DD4-04D1-4156-9A4A-29F0F665074C}
		{78E65B74-F51C-42D0-A6D3-B13E7EC93549} = {547B4D7D-5C17-400C-8F84-35A71667DE92}
		{9EFF90DE-D3F2-4A39-86FE-A20FB6452B04} = {78E65B74-F51C-42D0-A6D3-B13E7EC93549}
		{C4A82647-8A4C-4708-B520-DBC84C6296A1} = {78E65B74-F51C-42D0-A6D3-B13E7EC93549}
		{BE2D5499-1F7C-460A-886A-CA73E37E3E53} = {78E65B74-F51C-42D0-A6D3-B13E7EC93549}
		{68C0CF76-D41E-4B03-93AB-DBFE0E50CC55} = {78E65B74-F51C-42D0-A6D3-B13E7EC93549}
	EndGlobalSection
	GlobalSection(ExtensibilityGlobals) = postSolution
		SolutionGuid = {2420DC6D-154C-4AD8-8C4F-168C0D5C34D1}
	EndGlobalSection
EndGlobal
