
Microsoft Visual Studio Solution File, Format Version 12.00
# Visual Studio Version 17
VisualStudioVersion = 17.10.35027.167
MinimumVisualStudioVersion = 10.0.40219.1
Project("{2150E333-8FDC-42A3-9474-1A3956D46DE8}") = "Services", "Services", "{547B4D7D-5C17-400C-8F84-35A71667DE92}"
EndProject
Project("{2150E333-8FDC-42A3-9474-1A3956D46DE8}") = "Catalog", "Catalog", "{F5D931EA-AE76-495B-BBE3-3CF14A2287D5}"
EndProject
Project("{9A19103F-16F7-4668-BE54-9A1E7A4F7556}") = "Catalog.Api", "Services\Catalog\Catalog.Api\Catalog.Api.csproj", "{8A5B74C0-97F3-44FB-8BD5-E987E0CCD706}"
EndProject
Project("{2150E333-8FDC-42A3-9474-1A3956D46DE8}") = "BuildingBlocks", "BuildingBlocks", "{D9AD515F-2351-4C58-97B2-89D22F61517B}"
EndProject
Project("{9A19103F-16F7-4668-BE54-9A1E7A4F7556}") = "BuildingBlocks", "BuildingBlocks\BuildingBlocks\BuildingBlocks.csproj", "{A45771E0-D7C7-488F-B7CB-540C73096401}"
EndProject
Project("{E53339B2-1760-4266-BCC7-CA923CBCF16C}") = "docker-compose", "docker-compose.dcproj", "{6C7FCC46-581B-4413-825A-D6A18D20913E}"
EndProject
Global
	GlobalSection(SolutionConfigurationPlatforms) = preSolution
		Debug|Any CPU = Debug|Any CPU
		Release|Any CPU = Release|Any CPU
	EndGlobalSection
	GlobalSection(ProjectConfigurationPlatforms) = postSolution
		{8A5B74C0-97F3-44FB-8BD5-E987E0CCD706}.Debug|Any CPU.ActiveCfg = Debug|Any CPU
		{8A5B74C0-97F3-44FB-8BD5-E987E0CCD706}.Debug|Any CPU.Build.0 = Debug|Any CPU
		{8A5B74C0-97F3-44FB-8BD5-E987E0CCD706}.Release|Any CPU.ActiveCfg = Release|Any CPU
		{8A5B74C0-97F3-44FB-8BD5-E987E0CCD706}.Release|Any CPU.Build.0 = Release|Any CPU
		{A45771E0-D7C7-488F-B7CB-540C73096401}.Debug|Any CPU.ActiveCfg = Debug|Any CPU
		{A45771E0-D7C7-488F-B7CB-540C73096401}.Debug|Any CPU.Build.0 = Debug|Any CPU
		{A45771E0-D7C7-488F-B7CB-540C73096401}.Release|Any CPU.ActiveCfg = Release|Any CPU
		{A45771E0-D7C7-488F-B7CB-540C73096401}.Release|Any CPU.Build.0 = Release|Any CPU
		{6C7FCC46-581B-4413-825A-D6A18D20913E}.Debug|Any CPU.ActiveCfg = Debug|Any CPU
		{6C7FCC46-581B-4413-825A-D6A18D20913E}.Debug|Any CPU.Build.0 = Debug|Any CPU
		{6C7FCC46-581B-4413-825A-D6A18D20913E}.Release|Any CPU.ActiveCfg = Release|Any CPU
		{6C7FCC46-581B-4413-825A-D6A18D20913E}.Release|Any CPU.Build.0 = Release|Any CPU
	EndGlobalSection
	GlobalSection(SolutionProperties) = preSolution
		HideSolutionNode = FALSE
	EndGlobalSection
	GlobalSection(NestedProjects) = preSolution
		{F5D931EA-AE76-495B-BBE3-3CF14A2287D5} = {547B4D7D-5C17-400C-8F84-35A71667DE92}
		{8A5B74C0-97F3-44FB-8BD5-E987E0CCD706} = {F5D931EA-AE76-495B-BBE3-3CF14A2287D5}
		{A45771E0-D7C7-488F-B7CB-540C73096401} = {D9AD515F-2351-4C58-97B2-89D22F61517B}
	EndGlobalSection
	GlobalSection(ExtensibilityGlobals) = postSolution
		SolutionGuid = {2420DC6D-154C-4AD8-8C4F-168C0D5C34D1}
	EndGlobalSection
EndGlobal
